
Microsoft Visual Studio Solution File, Format Version 12.00
# Visual Studio Version 16
VisualStudioVersion = 16.0.810.14
MinimumVisualStudioVersion = 10.0.40219.1
Project("{FAE04EC0-301F-11D3-BF4B-00C04F79EFBC}") = "TestCsharp", "TestCsharp\TestCsharp.csproj", "{F4621FF6-1732-4DF4-9DEB-012C74F9038F}"
EndProject
Global
	GlobalSection(SolutionConfigurationPlatforms) = preSolution
		Debug|Any CPU = Debug|Any CPU
		Release|Any CPU = Release|Any CPU
	EndGlobalSection
	GlobalSection(ProjectConfigurationPlatforms) = postSolution
		{F4621FF6-1732-4DF4-9DEB-012C74F9038F}.Debug|Any CPU.ActiveCfg = Debug|Any CPU
		{F4621FF6-1732-4DF4-9DEB-012C74F9038F}.Debug|Any CPU.Build.0 = Debug|Any CPU
		{F4621FF6-1732-4DF4-9DEB-012C74F9038F}.Release|Any CPU.ActiveCfg = Release|Any CPU
		{F4621FF6-1732-4DF4-9DEB-012C74F9038F}.Release|Any CPU.Build.0 = Release|Any CPU
	EndGlobalSection
	GlobalSection(SolutionProperties) = preSolution
		HideSolutionNode = FALSE
	EndGlobalSection
	GlobalSection(ExtensibilityGlobals) = postSolution
		SolutionGuid = {E6341DAA-36DF-4EF7-90AE-1D57823A67D4}
	EndGlobalSection
EndGlobal
